Microsoft Visual Studio Solution File, Format Version 12.00
Project("{FAE04EC0-301F-11D3-BF4B-00C04F79EFBC}") = "Lab2", "Lab2\Lab2.csproj", "{8322ED1F-B4D8-4289-B2E4-A48743D19711}"
EndProject
Project("{FAE04EC0-301F-11D3-BF4B-00C04F79EFBC}") = "Lab2Tests", "Lab2Tests\Lab2Tests.csproj", "{9EE222AE-E02D-4794-B2DC-92B05BF15154}"
EndProject
Global
	GlobalSection(SolutionConfigurationPlatforms) = preSolution
		Debug|Any CPU = Debug|Any CPU
		Release|Any CPU = Release|Any CPU
	EndGlobalSection
	GlobalSection(ProjectConfigurationPlatforms) = postSolution
		{8322ED1F-B4D8-4289-B2E4-A48743D19711}.Debug|Any CPU.ActiveCfg = Debug|Any CPU
		{8322ED1F-B4D8-4289-B2E4-A48743D19711}.Debug|Any CPU.Build.0 = Debug|Any CPU
		{8322ED1F-B4D8-4289-B2E4-A48743D19711}.Release|Any CPU.ActiveCfg = Release|Any CPU
		{8322ED1F-B4D8-4289-B2E4-A48743D19711}.Release|Any CPU.Build.0 = Release|Any CPU
		{9EE222AE-E02D-4794-B2DC-92B05BF15154}.Debug|Any CPU.ActiveCfg = Debug|Any CPU
		{9EE222AE-E02D-4794-B2DC-92B05BF15154}.Debug|Any CPU.Build.0 = Debug|Any CPU
		{9EE222AE-E02D-4794-B2DC-92B05BF15154}.Release|Any CPU.ActiveCfg = Release|Any CPU
		{9EE222AE-E02D-4794-B2DC-92B05BF15154}.Release|Any CPU.Build.0 = Release|Any CPU
	EndGlobalSection
EndGlobal
